
Microsoft Visual Studio Solution File, Format Version 12.00
# Visual Studio Version 17
VisualStudioVersion = 17.10.34916.146
MinimumVisualStudioVersion = 10.0.40219.1
Project("{9A19103F-16F7-4668-BE54-9A1E7A4F7556}") = "WebApiUI", "WebApiUI\WebApiUI.csproj", "{122BC3CD-B808-49A3-A599-6B4650CD6851}"
EndProject
Project("{FAE04EC0-301F-11D3-BF4B-00C04F79EFBC}") = "Persistance", "Persistance\Persistance.csproj", "{6086DDF4-5219-4EA2-8A21-8C20F5BA076A}"
EndProject
Project("{FAE04EC0-301F-11D3-BF4B-00C04F79EFBC}") = "Domain", "Domain\Domain.csproj", "{631D8317-327E-4263-94B0-FCBFE111F20E}"
EndProject
Project("{FAE04EC0-301F-11D3-BF4B-00C04F79EFBC}") = "Applicaion", "Applicaion\Applicaion.csproj", "{222AF423-7125-4276-BC79-8846DBC57294}"
EndProject
Project("{FAE04EC0-301F-11D3-BF4B-00C04F79EFBC}") = "Infrastructure", "Infrastructure\Infrastructure.csproj", "{89718314-017A-4DF3-9C5A-4D1C11D00325}"
EndProject
Global
	GlobalSection(SolutionConfigurationPlatforms) = preSolution
		Debug|Any CPU = Debug|Any CPU
		Release|Any CPU = Release|Any CPU
	EndGlobalSection
	GlobalSection(ProjectConfigurationPlatforms) = postSolution
		{122BC3CD-B808-49A3-A599-6B4650CD6851}.Debug|Any CPU.ActiveCfg = Debug|Any CPU
		{122BC3CD-B808-49A3-A599-6B4650CD6851}.Debug|Any CPU.Build.0 = Debug|Any CPU
		{122BC3CD-B808-49A3-A599-6B4650CD6851}.Release|Any CPU.ActiveCfg = Release|Any CPU
		{122BC3CD-B808-49A3-A599-6B4650CD6851}.Release|Any CPU.Build.0 = Release|Any CPU
		{6086DDF4-5219-4EA2-8A21-8C20F5BA076A}.Debug|Any CPU.ActiveCfg = Debug|Any CPU
		{6086DDF4-5219-4EA2-8A21-8C20F5BA076A}.Debug|Any CPU.Build.0 = Debug|Any CPU
		{6086DDF4-5219-4EA2-8A21-8C20F5BA076A}.Release|Any CPU.ActiveCfg = Release|Any CPU
		{6086DDF4-5219-4EA2-8A21-8C20F5BA076A}.Release|Any CPU.Build.0 = Release|Any CPU
		{631D8317-327E-4263-94B0-FCBFE111F20E}.Debug|Any CPU.ActiveCfg = Debug|Any CPU
		{631D8317-327E-4263-94B0-FCBFE111F20E}.Debug|Any CPU.Build.0 = Debug|Any CPU
		{631D8317-327E-4263-94B0-FCBFE111F20E}.Release|Any CPU.ActiveCfg = Release|Any CPU
		{631D8317-327E-4263-94B0-FCBFE111F20E}.Release|Any CPU.Build.0 = Release|Any CPU
		{222AF423-7125-4276-BC79-8846DBC57294}.Debug|Any CPU.ActiveCfg = Debug|Any CPU
		{222AF423-7125-4276-BC79-8846DBC57294}.Debug|Any CPU.Build.0 = Debug|Any CPU
		{222AF423-7125-4276-BC79-8846DBC57294}.Release|Any CPU.ActiveCfg = Release|Any CPU
		{222AF423-7125-4276-BC79-8846DBC57294}.Release|Any CPU.Build.0 = Release|Any CPU
		{89718314-017A-4DF3-9C5A-4D1C11D00325}.Debug|Any CPU.ActiveCfg = Debug|Any CPU
		{89718314-017A-4DF3-9C5A-4D1C11D00325}.Debug|Any CPU.Build.0 = Debug|Any CPU
		{89718314-017A-4DF3-9C5A-4D1C11D00325}.Release|Any CPU.ActiveCfg = Release|Any CPU
		{89718314-017A-4DF3-9C5A-4D1C11D00325}.Release|Any CPU.Build.0 = Release|Any CPU
	EndGlobalSection
	GlobalSection(SolutionProperties) = preSolution
		HideSolutionNode = FALSE
	EndGlobalSection
	GlobalSection(ExtensibilityGlobals) = postSolution
		SolutionGuid = {FCF0C598-B3EC-43E3-AA03-7FAF195315A5}
	EndGlobalSection
EndGlobal
